// !$*UTF8*$!
{
	archiveVersion = 1;
	classes = {
	};
	objectVersion = 56;
	objects = {

/* Begin PBXBuildFile section */
		D580EE3E2A1D0B2A000B4439 /* AppDelegate.swift in Sources */ = {isa = PBXBuildFile; fileRef = D580EE3D2A1D0B2A000B4439 /* AppDelegate.swift */; };
		D580EE402A1D0B2A000B4439 /* SceneDelegate.swift in Sources */ = {isa = PBXBuildFile; fileRef = D580EE3F2A1D0B2A000B4439 /* SceneDelegate.swift */; };
		D580EE422A1D0B2A000B4439 /* ViewController.swift in Sources */ = {isa = PBXBuildFile; fileRef = D580EE412A1D0B2A000B4439 /* ViewController.swift */; };
		D580EE452A1D0B2A000B4439 /* Main.storyboard in Resources */ = {isa = PBXBuildFile; fileRef = D580EE432A1D0B2A000B4439 /* Main.storyboard */; };
		D580EE482A1D0B2A000B4439 /* moneysave.xcdatamodeld in Sources */ = {isa = PBXBuildFile; fileRef = D580EE462A1D0B2A000B4439 /* moneysave.xcdatamodeld */; };
		D580EE4A2A1D0B2E000B4439 /* Assets.xcassets in Resources */ = {isa = PBXBuildFile; fileRef = D580EE492A1D0B2E000B4439 /* Assets.xcassets */; };
		D580EE4D2A1D0B2E000B4439 /* LaunchScreen.storyboard in Resources */ = {isa = PBXBuildFile; fileRef = D580EE4B2A1D0B2E000B4439 /* LaunchScreen.storyboard */; };
/* End PBXBuildFile section */

/* Begin PBXFileReference section */
		D580EE3A2A1D0B2A000B4439 /* moneysave.app */ = {isa = PBXFileReference; explicitFileType = wrapper.application; includeInIndex = 0; path = moneysave.app; sourceTree = BUILT_PRODUCTS_DIR; };
		D580EE3D2A1D0B2A000B4439 /* AppDelegate.swift */ = {isa = PBXFileReference; lastKnownFileType = sourcecode.swift; path = AppDelegate.swift; sourceTree = "<group>"; };
		D580EE3F2A1D0B2A000B4439 /* SceneDelegate.swift */ = {isa = PBXFileReference; lastKnownFileType = sourcecode.swift; path = SceneDelegate.swift; sourceTree = "<group>"; };
		D580EE412A1D0B2A000B4439 /* ViewController.swift */ = {isa = PBXFileReference; lastKnownFileType = sourcecode.swift; path = ViewController.swift; sourceTree = "<group>"; };
		D580EE442A1D0B2A000B4439 /* Base */ = {isa = PBXFileReference; lastKnownFileType = file.storyboard; name = Base; path = Base.lproj/Main.storyboard; sourceTree = "<group>"; };
		D580EE472A1D0B2A000B4439 /* moneysave.xcdatamodel */ = {isa = PBXFileReference; lastKnownFileType = wrapper.xcdatamodel; path = moneysave.xcdatamodel; sourceTree = "<group>"; };
		D580EE492A1D0B2E000B4439 /* Assets.xcassets */ = {isa = PBXFileReference; lastKnownFileType = folder.assetcatalog; path = Assets.xcassets; sourceTree = "<group>"; };
		D580EE4C2A1D0B2E000B4439 /* Base */ = {isa = PBXFileReference; lastKnownFileType = file.storyboard; name = Base; path = Base.lproj/LaunchScreen.storyboard; sourceTree = "<group>"; };
		D580EE4E2A1D0B2E000B4439 /* Info.plist */ = {isa = PBXFileReference; lastKnownFileType = text.plist.xml; path = Info.plist; sourceTree = "<group>"; };
/* End PBXFileReference section */

/* Begin PBXFrameworksBuildPhase section */
		D580EE372A1D0B2A000B4439 /* Frameworks */ = {
			isa = PBXFrameworksBuildPhase;
			buildActionMask = 2147483647;
			files = (
			);
			runOnlyForDeploymentPostprocessing = 0;
		};
/* End PBXFrameworksBuildPhase section */

/* Begin PBXGroup section */
		D580EE312A1D0B2A000B4439 = {
			isa = PBXGroup;
			children = (
				D580EE3C2A1D0B2A000B4439 /* moneysave */,
				D580EE3B2A1D0B2A000B4439 /* Products */,
			);
			sourceTree = "<group>";
		};
		D580EE3B2A1D0B2A000B4439 /* Products */ = {
			isa = PBXGroup;
			children = (
				D580EE3A2A1D0B2A000B4439 /* moneysave.app */,
			);
			name = Products;
			sourceTree = "<group>";
		};
		D580EE3C2A1D0B2A000B4439 /* moneysave */ = {
			isa = PBXGroup;
			children = (
				D580EE3D2A1D0B2A000B4439 /* AppDelegate.swift */,
				D580EE3F2A1D0B2A000B4439 /* SceneDelegate.swift */,
				D580EE412A1D0B2A000B4439 /* ViewController.swift */,
				D580EE432A1D0B2A000B4439 /* Main.storyboard */,
				D580EE492A1D0B2E000B4439 /* Assets.xcassets */,
				D580EE4B2A1D0B2E000B4439 /* LaunchScreen.storyboard */,
				D580EE4E2A1D0B2E000B4439 /* Info.plist */,
				D580EE462A1D0B2A000B4439 /* moneysave.xcdatamodeld */,
			);
			path = moneysave;
			sourceTree = "<group>";
		};
/* End PBXGroup section */

/* Begin PBXNativeTarget section */
		D580EE392A1D0B2A000B4439 /* moneysave */ = {
			isa = PBXNativeTarget;
			buildConfigurationList = D580EE512A1D0B2E000B4439 /* Build configuration list for PBXNativeTarget "moneysave" */;
			buildPhases = (
				D580EE362A1D0B2A000B4439 /* Sources */,
				D580EE372A1D0B2A000B4439 /* Frameworks */,
				D580EE382A1D0B2A000B4439 /* Resources */,
			);
			buildRules = (
			);
			dependencies = (
			);
			name = moneysave;
			productName = moneysave;
			productReference = D580EE3A2A1D0B2A000B4439 /* moneysave.app */;
			productType = "com.apple.product-type.application";
		};
/* End PBXNativeTarget section */

/* Begin PBXProject section */
		D580EE322A1D0B2A000B4439 /* Project object */ = {
			isa = PBXProject;
			attributes = {
				BuildIndependentTargetsInParallel = 1;
				LastSwiftUpdateCheck = 1420;
				LastUpgradeCheck = 1420;
				TargetAttributes = {
					D580EE392A1D0B2A000B4439 = {
						CreatedOnToolsVersion = 14.2;
					};
				};
			};
			buildConfigurationList = D580EE352A1D0B2A000B4439 /* Build configuration list for PBXProject "moneysave" */;
			compatibilityVersion = "Xcode 14.0";
			developmentRegion = en;
			hasScannedForEncodings = 0;
			knownRegions = (
				en,
				Base,
			);
			mainGroup = D580EE312A1D0B2A000B4439;
			productRefGroup = D580EE3B2A1D0B2A000B4439 /* Products */;
			projectDirPath = "";
			projectRoot = "";
			targets = (
				D580EE392A1D0B2A000B4439 /* moneysave */,
			);
		};
/* End PBXProject section */

/* Begin PBXResourcesBuildPhase section */
		D580EE382A1D0B2A000B4439 /* Resources */ = {
			isa = PBXResourcesBuildPhase;
			buildActionMask = 2147483647;
			files = (
				D580EE4D2A1D0B2E000B4439 /* LaunchScreen.storyboard in Resources */,
				D580EE4A2A1D0B2E000B4439 /* Assets.xcassets in Resources */,
				D580EE452A1D0B2A000B4439 /* Main.storyboard in Resources */,
			);
			runOnlyForDeploymentPostprocessing = 0;
		};
/* End PBXResourcesBuildPhase section */

/* Begin PBXSourcesBuildPhase section */
		D580EE362A1D0B2A000B4439 /* Sources */ = {
			isa = PBXSourcesBuildPhase;
			buildActionMask = 2147483647;
			files = (
				D580EE422A1D0B2A000B4439 /* ViewController.swift in Sources */,
				D580EE482A1D0B2A000B4439 /* moneysave.xcdatamodeld in Sources */,
				D580EE3E2A1D0B2A000B4439 /* AppDelegate.swift in Sources */,
				D580EE402A1D0B2A000B4439 /* SceneDelegate.swift in Sources */,
			);
			runOnlyForDeploymentPostprocessing = 0;
		};
/* End PBXSourcesBuildPhase section */

/* Begin PBXVariantGroup section */
		D580EE432A1D0B2A000B4439 /* Main.storyboard */ = {
			isa = PBXVariantGroup;
			children = (
				D580EE442A1D0B2A000B4439 /* Base */,
			);
			name = Main.storyboard;
			sourceTree = "<group>";
		};
		D580EE4B2A1D0B2E000B4439 /* LaunchScreen.storyboard */ = {
			isa = PBXVariantGroup;
			children = (
				D580EE4C2A1D0B2E000B4439 /* Base */,
			);
			name = LaunchScreen.storyboard;
			sourceTree = "<group>";
		};
/* End PBXVariantGroup section */

/* Begin XCBuildConfiguration section */
		D580EE4F2A1D0B2E000B4439 /* Debug */ = {
			isa = XCBuildConfiguration;
			buildSettings = {
				ALWAYS_SEARCH_USER_PATHS = NO;
				CLANG_ANALYZER_NONNULL = YES;
				CLANG_ANALYZER_NUMBER_OBJECT_CONVERSION = YES_AGGRESSIVE;
				CLANG_CXX_LANGUAGE_STANDARD = "gnu++20";
				CLANG_ENABLE_MODULES = YES;
				CLANG_ENABLE_OBJC_ARC = YES;
				CLANG_ENABLE_OBJC_WEAK = YES;
				CLANG_WARN_BLOCK_CAPTURE_AUTORELEASING = YES;
				CLANG_WARN_BOOL_CONVERSION = YES;
				CLANG_WARN_COMMA = YES;
				CLANG_WARN_CONSTANT_CONVERSION = YES;
				CLANG_WARN_DEPRECATED_OBJC_IMPLEMENTATIONS = YES;
				CLANG_WARN_DIRECT_OBJC_ISA_USAGE = YES_ERROR;
				CLANG_WARN_DOCUMENTATION_COMMENTS = YES;
				CLANG_WARN_EMPTY_BODY = YES;
				CLANG_WARN_ENUM_CONVERSION = YES;
				CLANG_WARN_INFINITE_RECURSION = YES;
				CLANG_WARN_INT_CONVERSION = YES;
				CLANG_WARN_NON_LITERAL_NULL_CONVERSION = YES;
				CLANG_WARN_OBJC_IMPLICIT_RETAIN_SELF = YES;
				CLANG_WARN_OBJC_LITERAL_CONVERSION = YES;
				CLANG_WARN_OBJC_ROOT_CLASS = YES_ERROR;
				CLANG_WARN_QUOTED_INCLUDE_IN_FRAMEWORK_HEADER = YES;
				CLANG_WARN_RANGE_LOOP_ANALYSIS = YES;
				CLANG_WARN_STRICT_PROTOTYPES = YES;
				CLANG_WARN_SUSPICIOUS_MOVE = YES;
				CLANG_WARN_UNGUARDED_AVAILABILITY = YES_AGGRESSIVE;
				CLANG_WARN_UNREACHABLE_CODE = YES;
				CLANG_WARN__DUPLICATE_METHOD_MATCH = YES;
				COPY_PHASE_STRIP = NO;
				DEBUG_INFORMATION_FORMAT = dwarf;
				ENABLE_STRICT_OBJC_MSGSEND = YES;
				ENABLE_TESTABILITY = YES;
				GCC_C_LANGUAGE_STANDARD = gnu11;
				GCC_DYNAMIC_NO_PIC = NO;
				GCC_NO_COMMON_BLOCKS = YES;
				GCC_OPTIMIZATION_LEVEL = 0;
				GCC_PREPROCESSOR_DEFINITIONS = (
					"DEBUG=1",
					"$(inherited)",
				);
				GCC_WARN_64_TO_32_BIT_CONVERSION = YES;
				GCC_WARN_ABOUT_RETURN_TYPE = YES_ERROR;
				GCC_WARN_UNDECLARED_SELECTOR = YES;
				GCC_WARN_UNINITIALIZED_AUTOS = YES_AGGRESSIVE;
				GCC_WARN_UNUSED_FUNCTION = YES;
				GCC_WARN_UNUSED_VARIABLE = YES;
				IPHONEOS_DEPLOYMENT_TARGET = 16.2;
				MTL_ENABLE_DEBUG_INFO = INCLUDE_SOURCE;
				MTL_FAST_MATH = YES;
				ONLY_ACTIVE_ARCH = YES;
				SDKROOT = iphoneos;
				SWIFT_ACTIVE_COMPILATION_CONDITIONS = DEBUG;
				SWIFT_OPTIMIZATION_LEVEL = "-Onone";
			};
			name = Debug;
		};
		D580EE502A1D0B2E000B4439 /* Release */ = {
			isa = XCBuildConfiguration;
			buildSettings = {
				ALWAYS_SEARCH_USER_PATHS = NO;
				CLANG_ANALYZER_NONNULL = YES;
				CLANG_ANALYZER_NUMBER_OBJECT_CONVERSION = YES_AGGRESSIVE;
				CLANG_CXX_LANGUAGE_STANDARD = "gnu++20";
				CLANG_ENABLE_MODULES = YES;
				CLANG_ENABLE_OBJC_ARC = YES;
				CLANG_ENABLE_OBJC_WEAK = YES;
				CLANG_WARN_BLOCK_CAPTURE_AUTORELEASING = YES;
				CLANG_WARN_BOOL_CONVERSION = YES;
				CLANG_WARN_COMMA = YES;
				CLANG_WARN_CONSTANT_CONVERSION = YES;
				CLANG_WARN_DEPRECATED_OBJC_IMPLEMENTATIONS = YES;
				CLANG_WARN_DIRECT_OBJC_ISA_USAGE = YES_ERROR;
				CLANG_WARN_DOCUMENTATION_COMMENTS = YES;
				CLANG_WARN_EMPTY_BODY = YES;
				CLANG_WARN_ENUM_CONVERSION = YES;
				CLANG_WARN_INFINITE_RECURSION = YES;
				CLANG_WARN_INT_CONVERSION = YES;
				CLANG_WARN_NON_LITERAL_NULL_CONVERSION = YES;
				CLANG_WARN_OBJC_IMPLICIT_RETAIN_SELF = YES;
				CLANG_WARN_OBJC_LITERAL_CONVERSION = YES;
				CLANG_WARN_OBJC_ROOT_CLASS = YES_ERROR;
				CLANG_WARN_QUOTED_INCLUDE_IN_FRAMEWORK_HEADER = YES;
				CLANG_WARN_RANGE_LOOP_ANALYSIS = YES;
				CLANG_WARN_STRICT_PROTOTYPES = YES;
				CLANG_WARN_SUSPICIOUS_MOVE = YES;
				CLANG_WARN_UNGUARDED_AVAILABILITY = YES_AGGRESSIVE;
				CLANG_WARN_UNREACHABLE_CODE = YES;
				CLANG_WARN__DUPLICATE_METHOD_MATCH = YES;
				COPY_PHASE_STRIP = NO;
				DEBUG_INFORMATION_FORMAT = "dwarf-with-dsym";
				ENABLE_NS_ASSERTIONS = NO;
				ENABLE_STRICT_OBJC_MSGSEND = YES;
				GCC_C_LANGUAGE_STANDARD = gnu11;
				GCC_NO_COMMON_BLOCKS = YES;
				GCC_WARN_64_TO_32_BIT_CONVERSION = YES;
				GCC_WARN_ABOUT_RETURN_TYPE = YES_ERROR;
				GCC_WARN_UNDECLARED_SELECTOR = YES;
				GCC_WARN_UNINITIALIZED_AUTOS = YES_AGGRESSIVE;
				GCC_WARN_UNUSED_FUNCTION = YES;
				GCC_WARN_UNUSED_VARIABLE = YES;
				IPHONEOS_DEPLOYMENT_TARGET = 16.2;
				MTL_ENABLE_DEBUG_INFO = NO;
				MTL_FAST_MATH = YES;
				SDKROOT = iphoneos;
				SWIFT_COMPILATION_MODE = wholemodule;
				SWIFT_OPTIMIZATION_LEVEL = "-O";
				VALIDATE_PRODUCT = YES;
			};
			name = Release;
		};
		D580EE522A1D0B2E000B4439 /* Debug */ = {
			isa = XCBuildConfiguration;
			buildSettings = {
				ASSETCATALOG_COMPILER_APPICON_NAME = AppIcon;
				ASSETCATALOG_COMPILER_GLOBAL_ACCENT_COLOR_NAME = AccentColor;
				CODE_SIGN_STYLE = Automatic;
				CURRENT_PROJECT_VERSION = 1;
				DEVELOPMENT_TEAM = T7C6N2U8Z3;
				GENERATE_INFOPLIST_FILE = YES;
				INFOPLIST_FILE = moneysave/Info.plist;
				INFOPLIST_KEY_UIApplicationSupportsIndirectInputEvents = YES;
				INFOPLIST_KEY_UILaunchStoryboardName = LaunchScreen;
				INFOPLIST_KEY_UIMainStoryboardFile = Main;
				INFOPLIST_KEY_UISupportedInterfaceOrientations_iPad = "UIInterfaceOrientationPortrait UIInterfaceOrientationPortraitUpsideDown UIInterfaceOrientationLandscapeLeft UIInterfaceOrientationLandscapeRight";
				INFOPLIST_KEY_UISupportedInterfaceOrientations_iPhone = "UIInterfaceOrientationPortrait UIInterfaceOrientationLandscapeLeft UIInterfaceOrientationLandscapeRight";
				LD_RUNPATH_SEARCH_PATHS = (
					"$(inherited)",
					"@executable_path/Frameworks",
				);
				MARKETING_VERSION = 1.0;
				PRODUCT_BUNDLE_IDENTIFIER = muhammadjon.com.moneysave;
				PRODUCT_NAME = "$(TARGET_NAME)";
				SWIFT_EMIT_LOC_STRINGS = YES;
				SWIFT_VERSION = 5.0;
				TARGETED_DEVICE_FAMILY = "1,2";
			};
			name = Debug;
		};
		D580EE532A1D0B2E000B4439 /* Release */ = {
			isa = XCBuildConfiguration;
			buildSettings = {
				ASSETCATALOG_COMPILER_APPICON_NAME = AppIcon;
				ASSETCATALOG_COMPILER_GLOBAL_ACCENT_COLOR_NAME = AccentColor;
				CODE_SIGN_STYLE = Automatic;
				CURRENT_PROJECT_VERSION = 1;
				DEVELOPMENT_TEAM = T7C6N2U8Z3;
				GENERATE_INFOPLIST_FILE = YES;
				INFOPLIST_FILE = moneysave/Info.plist;
				INFOPLIST_KEY_UIApplicationSupportsIndirectInputEvents = YES;
				INFOPLIST_KEY_UILaunchStoryboardName = LaunchScreen;
				INFOPLIST_KEY_UIMainStoryboardFile = Main;
				INFOPLIST_KEY_UISupportedInterfaceOrientations_iPad = "UIInterfaceOrientationPortrait UIInterfaceOrientationPortraitUpsideDown UIInterfaceOrientationLandscapeLeft UIInterfaceOrientationLandscapeRight";
				INFOPLIST_KEY_UISupportedInterfaceOrientations_iPhone = "UIInterfaceOrientationPortrait UIInterfaceOrientationLandscapeLeft UIInterfaceOrientationLandscapeRight";
				LD_RUNPATH_SEARCH_PATHS = (
					"$(inherited)",
					"@executable_path/Frameworks",
				);
				MARKETING_VERSION = 1.0;
				PRODUCT_BUNDLE_IDENTIFIER = muhammadjon.com.moneysave;
				PRODUCT_NAME = "$(TARGET_NAME)";
				SWIFT_EMIT_LOC_STRINGS = YES;
				SWIFT_VERSION = 5.0;
				TARGETED_DEVICE_FAMILY = "1,2";
			};
			name = Release;
		};
/* End XCBuildConfiguration section */

/* Begin XCConfigurationList section */
		D580EE352A1D0B2A000B4439 /* Build configuration list for PBXProject "moneysave" */ = {
			isa = XCConfigurationList;
			buildConfigurations = (
				D580EE4F2A1D0B2E000B4439 /* Debug */,
				D580EE502A1D0B2E000B4439 /* Release */,
			);
			defaultConfigurationIsVisible = 0;
			defaultConfigurationName = Release;
		};
		D580EE512A1D0B2E000B4439 /* Build configuration list for PBXNativeTarget "moneysave" */ = {
			isa = XCConfigurationList;
			buildConfigurations = (
				D580EE522A1D0B2E000B4439 /* Debug */,
				D580EE532A1D0B2E000B4439 /* Release */,
			);
			defaultConfigurationIsVisible = 0;
			defaultConfigurationName = Release;
		};
/* End XCConfigurationList section */

/* Begin XCVersionGroup section */
		D580EE462A1D0B2A000B4439 /* moneysave.xcdatamodeld */ = {
			isa = XCVersionGroup;
			children = (
				D580EE472A1D0B2A000B4439 /* moneysave.xcdatamodel */,
			);
			currentVersion = D580EE472A1D0B2A000B4439 /* moneysave.xcdatamodel */;
			path = moneysave.xcdatamodeld;
			sourceTree = "<group>";
			versionGroupType = wrapper.xcdatamodel;
		};
/* End XCVersionGroup section */
	};
	rootObject = D580EE322A1D0B2A000B4439 /* Project object */;
}
